
Microsoft Visual Studio Solution File, Format Version 12.00
# Visual Studio 15
VisualStudioVersion = 15.0.28307.438
MinimumVisualStudioVersion = 10.0.40219.1
Project("{FAE04EC0-301F-11D3-BF4B-00C04F79EFBC}") = "ModelFirst", "ModelFirst\ModelFirst.csproj", "{38AB5E90-33C4-47BC-BCDB-A653B9FAB536}"
EndProject
Global
	GlobalSection(SolutionConfigurationPlatforms) = preSolution
		Debug|Any CPU = Debug|Any CPU
		Release|Any CPU = Release|Any CPU
	EndGlobalSection
	GlobalSection(ProjectConfigurationPlatforms) = postSolution
		{38AB5E90-33C4-47BC-BCDB-A653B9FAB536}.Debug|Any CPU.ActiveCfg = Debug|Any CPU
		{38AB5E90-33C4-47BC-BCDB-A653B9FAB536}.Debug|Any CPU.Build.0 = Debug|Any CPU
		{38AB5E90-33C4-47BC-BCDB-A653B9FAB536}.Release|Any CPU.ActiveCfg = Release|Any CPU
		{38AB5E90-33C4-47BC-BCDB-A653B9FAB536}.Release|Any CPU.Build.0 = Release|Any CPU
	EndGlobalSection
	GlobalSection(SolutionProperties) = preSolution
		HideSolutionNode = FALSE
	EndGlobalSection
	GlobalSection(ExtensibilityGlobals) = postSolution
		SolutionGuid = {D782FF1E-32DA-4262-ADF0-26EAA802A9D2}
	EndGlobalSection
EndGlobal
